
Microsoft Visual Studio Solution File, Format Version 12.00
# Visual Studio Version 17
VisualStudioVersion = 17.0.31903.59
MinimumVisualStudioVersion = 10.0.40219.1
Project("{9A19103F-16F7-4668-BE54-9A1E7A4F7556}") = "Encurtador.Api", "src\Encurtador.Api\Encurtador.Api.csproj", "{20641104-A8F8-4550-A8B0-E3E930E45987}"
EndProject
Project("{9A19103F-16F7-4668-BE54-9A1E7A4F7556}") = "Encurtador.Application", "src\Encurtador.Application\Encurtador.Application.csproj", "{7D9536C5-6F48-414B-996D-219A56F7D235}"
EndProject
Project("{9A19103F-16F7-4668-BE54-9A1E7A4F7556}") = "Encurtador.Domain", "src\Encurtador.Domain\Encurtador.Domain.csproj", "{C35A42CA-8C54-46E4-8DE5-BE664837B565}"
EndProject
Project("{9A19103F-16F7-4668-BE54-9A1E7A4F7556}") = "Encurtador.IoC", "src\Encurtador.IoC\Encurtador.IoC.csproj", "{C8D2D07F-A405-4CE9-A8B0-B7BDC119FDCC}"
EndProject
Project("{9A19103F-16F7-4668-BE54-9A1E7A4F7556}") = "Encurtador.Repository", "src\Encurtador.Repository\Encurtador.Repository.csproj", "{2245C299-1427-406F-8CCC-68A1FBD96890}"
EndProject
Project("{FAE04EC0-301F-11D3-BF4B-00C04F79EFBC}") = "Encurtador.Shared", "src\Encurtador.Shared\Encurtador.Shared.csproj", "{156F4C73-D356-41D3-9FDA-51BDF202DDBF}"
EndProject
Global
	GlobalSection(SolutionConfigurationPlatforms) = preSolution
		Debug|Any CPU = Debug|Any CPU
		Release|Any CPU = Release|Any CPU
	EndGlobalSection
	GlobalSection(ProjectConfigurationPlatforms) = postSolution
		{20641104-A8F8-4550-A8B0-E3E930E45987}.Debug|Any CPU.ActiveCfg = Debug|Any CPU
		{20641104-A8F8-4550-A8B0-E3E930E45987}.Debug|Any CPU.Build.0 = Debug|Any CPU
		{20641104-A8F8-4550-A8B0-E3E930E45987}.Release|Any CPU.ActiveCfg = Release|Any CPU
		{20641104-A8F8-4550-A8B0-E3E930E45987}.Release|Any CPU.Build.0 = Release|Any CPU
		{7D9536C5-6F48-414B-996D-219A56F7D235}.Debug|Any CPU.ActiveCfg = Debug|Any CPU
		{7D9536C5-6F48-414B-996D-219A56F7D235}.Debug|Any CPU.Build.0 = Debug|Any CPU
		{7D9536C5-6F48-414B-996D-219A56F7D235}.Release|Any CPU.ActiveCfg = Release|Any CPU
		{7D9536C5-6F48-414B-996D-219A56F7D235}.Release|Any CPU.Build.0 = Release|Any CPU
		{C35A42CA-8C54-46E4-8DE5-BE664837B565}.Debug|Any CPU.ActiveCfg = Debug|Any CPU
		{C35A42CA-8C54-46E4-8DE5-BE664837B565}.Debug|Any CPU.Build.0 = Debug|Any CPU
		{C35A42CA-8C54-46E4-8DE5-BE664837B565}.Release|Any CPU.ActiveCfg = Release|Any CPU
		{C35A42CA-8C54-46E4-8DE5-BE664837B565}.Release|Any CPU.Build.0 = Release|Any CPU
		{C8D2D07F-A405-4CE9-A8B0-B7BDC119FDCC}.Debug|Any CPU.ActiveCfg = Debug|Any CPU
		{C8D2D07F-A405-4CE9-A8B0-B7BDC119FDCC}.Debug|Any CPU.Build.0 = Debug|Any CPU
		{C8D2D07F-A405-4CE9-A8B0-B7BDC119FDCC}.Release|Any CPU.ActiveCfg = Release|Any CPU
		{C8D2D07F-A405-4CE9-A8B0-B7BDC119FDCC}.Release|Any CPU.Build.0 = Release|Any CPU
		{2245C299-1427-406F-8CCC-68A1FBD96890}.Debug|Any CPU.ActiveCfg = Debug|Any CPU
		{2245C299-1427-406F-8CCC-68A1FBD96890}.Debug|Any CPU.Build.0 = Debug|Any CPU
		{2245C299-1427-406F-8CCC-68A1FBD96890}.Release|Any CPU.ActiveCfg = Release|Any CPU
		{2245C299-1427-406F-8CCC-68A1FBD96890}.Release|Any CPU.Build.0 = Release|Any CPU
		{156F4C73-D356-41D3-9FDA-51BDF202DDBF}.Debug|Any CPU.ActiveCfg = Debug|Any CPU
		{156F4C73-D356-41D3-9FDA-51BDF202DDBF}.Debug|Any CPU.Build.0 = Debug|Any CPU
		{156F4C73-D356-41D3-9FDA-51BDF202DDBF}.Release|Any CPU.ActiveCfg = Release|Any CPU
		{156F4C73-D356-41D3-9FDA-51BDF202DDBF}.Release|Any CPU.Build.0 = Release|Any CPU
	EndGlobalSection
	GlobalSection(SolutionProperties) = preSolution
		HideSolutionNode = FALSE
	EndGlobalSection
	GlobalSection(ExtensibilityGlobals) = postSolution
		SolutionGuid = {0328BDBD-8C25-48CA-9727-EFAEB5D76353}
	EndGlobalSection
EndGlobal
